version = 1
requires-python = ">=3.9"

[[package]]
name = "colorama"
version = "0.4.6"
source = { registry = "https://pypi.org/simple" }
sdist = { url = "https://files.pythonhosted.org/packages/d8/53/6f443c9a4a8358a93a6792e2acffb9d9d5cb0a5cfd8802644b7b1c9a02e4/colorama-0.4.6.tar.gz", hash = "sha256:08695f5cb7ed6e0531a20572697297273c47b8cae5a63ffc6d6ed5c201be6e44", size = 27697 }
wheels = [
    { url = "https://files.pythonhosted.org/packages/d1/d6/3965ed04c63042e047cb6a3e6ed1a63a35087b6a609aa3a15ed8ac56c221/colorama-0.4.6-py2.py3-none-any.whl", hash = "sha256:4f1d9991f5acc0ca119f9d443620b77f9d6b33703e51011c16baf57afb285fc6", size = 25335 },
]

[[package]]
name = "exceptiongroup"
version = "1.3.0"
source = { registry = "https://pypi.org/simple" }
dependencies = [
    { name = "typing-extensions", marker = "python_full_version < '3.13'" },
]
sdist = { url = "https://files.pythonhosted.org/packages/0b/9f/a65090624ecf468cdca03533906e7c69ed7588582240cfe7cc9e770b50eb/exceptiongroup-1.3.0.tar.gz", hash = "sha256:b241f5885f560bc56a59ee63ca4c6a8bfa46ae4ad651af316d4e81817bb9fd88", size = 29749 }
wheels = [
    { url = "https://files.pythonhosted.org/packages/36/f4/c6e662dade71f56cd2f3735141b265c3c79293c109549c1e6933b0651ffc/exceptiongroup-1.3.0-py3-none-any.whl", hash = "sha256:4d111e6e0c13d0644cad6ddaa7ed0261a0b36971f6d23e7ec9b4b9097da78a10", size = 16674 },
]

[[package]]
name = "grpcio"
version = "1.73.0"
source = { registry = "https://pypi.org/simple" }
sdist = { url = "https://files.pythonhosted.org/packages/8e/7b/ca3f561aeecf0c846d15e1b38921a60dffffd5d4113931198fbf455334ee/grpcio-1.73.0.tar.gz", hash = "sha256:3af4c30918a7f0d39de500d11255f8d9da4f30e94a2033e70fe2a720e184bd8e", size = 12786424 }
wheels = [
    { url = "https://files.pythonhosted.org/packages/b0/44/5ca479c880b9f56c9a9502873ea500c09d1087dc868217a90724c24d83d0/grpcio-1.73.0-cp310-cp310-linux_armv7l.whl", hash = "sha256:d050197eeed50f858ef6c51ab09514856f957dba7b1f7812698260fc9cc417f6", size = 5365135 },
    { url = "https://files.pythonhosted.org/packages/8d/b7/78ff355cdb602ab01ea437d316846847e0c1f7d109596e5409402cc13156/grpcio-1.73.0-cp310-cp310-macosx_11_0_universal2.whl", hash = "sha256:ebb8d5f4b0200916fb292a964a4d41210de92aba9007e33d8551d85800ea16cb", size = 10609627 },
    { url = "https://files.pythonhosted.org/packages/8d/92/5111235062b9da0e3010e5fd2bdceb766113fcf60520f9c23eb651089dd7/grpcio-1.73.0-cp310-cp310-manylinux_2_17_aarch64.whl", hash = "sha256:c0811331b469e3f15dda5f90ab71bcd9681189a83944fd6dc908e2c9249041ef", size = 5803418 },
    { url = "https://files.pythonhosted.org/packages/76/fa/dbf3fca0b91fa044f1114b11adc3d4ccc18ab1ac278daa69d450fd9aaef2/grpcio-1.73.0-cp310-cp310-manylinux_2_17_i686.manylinux2014_i686.whl", hash = "sha256:12787c791c3993d0ea1cc8bf90393647e9a586066b3b322949365d2772ba965b", size = 6444741 },
    { url = "https://files.pythonhosted.org/packages/44/e1/e7c830c1a29abd13f0e7e861c8db57a67db5cb8a1edc6b9d9cd44c26a1e5/grpcio-1.73.0-cp310-cp310-manylinux_2_17_x86_64.manylinux2014_x86_64.whl", hash = "sha256:2c17771e884fddf152f2a0df12478e8d02853e5b602a10a9a9f1f52fa02b1d32", size = 6040755 },
    { url = "https://files.pythonhosted.org/packages/b4/57/2eaccbfdd8298ab6bb4504600a4283260983a9db7378eb79c922fd559883/grpcio-1.73.0-cp310-cp310-musllinux_1_1_aarch64.whl", hash = "sha256:275e23d4c428c26b51857bbd95fcb8e528783597207ec592571e4372b300a29f", size = 6132216 },
    { url = "https://files.pythonhosted.org/packages/81/a4/1bd2c59d7426ab640b121f42acb820ff7cd5c561d03e9c9164cb8431128e/grpcio-1.73.0-cp310-cp310-musllinux_1_1_i686.whl", hash = "sha256:9ffc972b530bf73ef0f948f799482a1bf12d9b6f33406a8e6387c0ca2098a833", size = 6774779 },
    { url = "https://files.pythonhosted.org/packages/c6/64/70ee85055b4107acbe1af6a99ef6885e34db89083e53e5c27b8442e3aa38/grpcio-1.73.0-cp310-cp310-musllinux_1_1_x86_64.whl", hash = "sha256:ebd8d269df64aff092b2cec5e015d8ae09c7e90888b5c35c24fdca719a2c9f35", size = 6304223 },
    { url = "https://files.pythonhosted.org/packages/06/02/4b3c373edccf29205205a6d329a267b9337ecbbf658bc70f0a18d63d0a50/grpcio-1.73.0-cp310-cp310-win32.whl", hash = "sha256:072d8154b8f74300ed362c01d54af8b93200c1a9077aeaea79828d48598514f1", size = 3679738 },
    { url = "https://files.pythonhosted.org/packages/30/7a/d6dab939cda2129e39a872ad48f61c9951567dcda8ab419b8de446315a68/grpcio-1.73.0-cp310-cp310-win_amd64.whl", hash = "sha256:ce953d9d2100e1078a76a9dc2b7338d5415924dc59c69a15bf6e734db8a0f1ca", size = 4340441 },
    { url = "https://files.pythonhosted.org/packages/dd/31/9de81fd12f7b27e6af403531b7249d76f743d58e0654e624b3df26a43ce2/grpcio-1.73.0-cp311-cp311-linux_armv7l.whl", hash = "sha256:51036f641f171eebe5fa7aaca5abbd6150f0c338dab3a58f9111354240fe36ec", size = 5363773 },
    { url = "https://files.pythonhosted.org/packages/32/9e/2cb78be357a7f1fc4942b81468ef3c7e5fd3df3ac010540459c10895a57b/grpcio-1.73.0-cp311-cp311-macosx_11_0_universal2.whl", hash = "sha256:d12bbb88381ea00bdd92c55aff3da3391fd85bc902c41275c8447b86f036ce0f", size = 10621912 },
    { url = "https://files.pythonhosted.org/packages/59/2f/b43954811a2e218a2761c0813800773ac0ca187b94fd2b8494e8ef232dc8/grpcio-1.73.0-cp311-cp311-manylinux_2_17_aarch64.whl", hash = "sha256:483c507c2328ed0e01bc1adb13d1eada05cc737ec301d8e5a8f4a90f387f1790", size = 5807985 },
    { url = "https://files.pythonhosted.org/packages/1b/bf/68e9f47e7ee349ffee712dcd907ee66826cf044f0dec7ab517421e56e857/grpcio-1.73.0-cp311-cp311-manylinux_2_17_i686.manylinux2014_i686.whl", hash = "sha256:c201a34aa960c962d0ce23fe5f423f97e9d4b518ad605eae6d0a82171809caaa", size = 6448218 },
    { url = "https://files.pythonhosted.org/packages/af/dd/38ae43dd58480d609350cf1411fdac5c2ebb243e2c770f6f7aa3773d5e29/grpcio-1.73.0-cp311-cp311-manylinux_2_17_x86_64.manylinux2014_x86_64.whl", hash = "sha256:859f70c8e435e8e1fa060e04297c6818ffc81ca9ebd4940e180490958229a45a", size = 6044343 },
    { url = "https://files.pythonhosted.org/packages/93/44/b6770b55071adb86481f36dae87d332fcad883b7f560bba9a940394ba018/grpcio-1.73.0-cp311-cp311-musllinux_1_1_aarch64.whl", hash = "sha256:e2459a27c6886e7e687e4e407778425f3c6a971fa17a16420227bda39574d64b", size = 6135858 },
    { url = "https://files.pythonhosted.org/packages/d3/9f/63de49fcef436932fcf0ffb978101a95c83c177058dbfb56dbf30ab81659/grpcio-1.73.0-cp311-cp311-musllinux_1_1_i686.whl", hash = "sha256:e0084d4559ee3dbdcce9395e1bc90fdd0262529b32c417a39ecbc18da8074ac7", size = 6775806 },
    { url = "https://files.pythonhosted.org/packages/4d/67/c11f1953469162e958f09690ec3a9be3fdb29dea7f5661362a664f9d609a/grpcio-1.73.0-cp311-cp311-musllinux_1_1_x86_64.whl", hash = "sha256:ef5fff73d5f724755693a464d444ee0a448c6cdfd3c1616a9223f736c622617d", size = 6308413 },
    { url = "https://files.pythonhosted.org/packages/ba/6a/9dd04426337db07f28bd51a986b7a038ba56912c81b5bb1083c17dd63404/grpcio-1.73.0-cp311-cp311-win32.whl", hash = "sha256:965a16b71a8eeef91fc4df1dc40dc39c344887249174053814f8a8e18449c4c3", size = 3678972 },
    { url = "https://files.pythonhosted.org/packages/04/8b/8c0a8a4fdc2e7977d325eafc587c9cf468039693ac23ad707153231d3cb2/grpcio-1.73.0-cp311-cp311-win_amd64.whl", hash = "sha256:b71a7b4483d1f753bbc11089ff0f6fa63b49c97a9cc20552cded3fcad466d23b", size = 4342967 },
    { url = "https://files.pythonhosted.org/packages/9d/4d/e938f3a0e51a47f2ce7e55f12f19f316e7074770d56a7c2765e782ec76bc/grpcio-1.73.0-cp312-cp312-linux_armv7l.whl", hash = "sha256:fb9d7c27089d9ba3746f18d2109eb530ef2a37452d2ff50f5a6696cd39167d3b", size = 5334911 },
    { url = "https://files.pythonhosted.org/packages/13/56/f09c72c43aa8d6f15a71f2c63ebdfac9cf9314363dea2598dc501d8370db/grpcio-1.73.0-cp312-cp312-macosx_11_0_universal2.whl", hash = "sha256:128ba2ebdac41e41554d492b82c34586a90ebd0766f8ebd72160c0e3a57b9155", size = 10601460 },
    { url = "https://files.pythonhosted.org/packages/20/e3/85496edc81e41b3c44ebefffc7bce133bb531120066877df0f910eabfa19/grpcio-1.73.0-cp312-cp312-manylinux_2_17_aarch64.whl", hash = "sha256:068ecc415f79408d57a7f146f54cdf9f0acb4b301a52a9e563973dc981e82f3d", size = 5759191 },
    { url = "https://files.pythonhosted.org/packages/88/cc/fef74270a6d29f35ad744bfd8e6c05183f35074ff34c655a2c80f3b422b2/grpcio-1.73.0-cp312-cp312-manylinux_2_17_i686.manylinux2014_i686.whl", hash = "sha256:6ddc1cfb2240f84d35d559ade18f69dcd4257dbaa5ba0de1a565d903aaab2968", size = 6409961 },
    { url = "https://files.pythonhosted.org/packages/b0/e6/13cfea15e3b8f79c4ae7b676cb21fab70978b0fde1e1d28bb0e073291290/grpcio-1.73.0-cp312-cp312-manylinux_2_17_x86_64.manylinux2014_x86_64.whl", hash = "sha256:e53007f70d9783f53b41b4cf38ed39a8e348011437e4c287eee7dd1d39d54b2f", size = 6003948 },
    { url = "https://files.pythonhosted.org/packages/c2/ed/b1a36dad4cc0dbf1f83f6d7b58825fefd5cc9ff3a5036e46091335649473/grpcio-1.73.0-cp312-cp312-musllinux_1_1_aarch64.whl", hash = "sha256:4dd8d8d092efede7d6f48d695ba2592046acd04ccf421436dd7ed52677a9ad29", size = 6103788 },
    { url = "https://files.pythonhosted.org/packages/e7/c8/d381433d3d46d10f6858126d2d2245ef329e30f3752ce4514c93b95ca6fc/grpcio-1.73.0-cp312-cp312-musllinux_1_1_i686.whl", hash = "sha256:70176093d0a95b44d24baa9c034bb67bfe2b6b5f7ebc2836f4093c97010e17fd", size = 6749508 },
    { url = "https://files.pythonhosted.org/packages/87/0a/ff0c31dbd15e63b34320efafac647270aa88c31aa19ff01154a73dc7ce86/grpcio-1.73.0-cp312-cp312-musllinux_1_1_x86_64.whl", hash = "sha256:085ebe876373ca095e24ced95c8f440495ed0b574c491f7f4f714ff794bbcd10", size = 6284342 },
    { url = "https://files.pythonhosted.org/packages/fd/73/f762430c0ba867403b9d6e463afe026bf019bd9206eee753785239719273/grpcio-1.73.0-cp312-cp312-win32.whl", hash = "sha256:cfc556c1d6aef02c727ec7d0016827a73bfe67193e47c546f7cadd3ee6bf1a60", size = 3669319 },
    { url = "https://files.pythonhosted.org/packages/10/8b/3411609376b2830449cf416f457ad9d2aacb7f562e1b90fdd8bdedf26d63/grpcio-1.73.0-cp312-cp312-win_amd64.whl", hash = "sha256:bbf45d59d090bf69f1e4e1594832aaf40aa84b31659af3c5e2c3f6a35202791a", size = 4335596 },
    { url = "https://files.pythonhosted.org/packages/60/da/6f3f7a78e5455c4cbe87c85063cc6da05d65d25264f9d4aed800ece46294/grpcio-1.73.0-cp313-cp313-linux_armv7l.whl", hash = "sha256:da1d677018ef423202aca6d73a8d3b2cb245699eb7f50eb5f74cae15a8e1f724", size = 5335867 },
    { url = "https://files.pythonhosted.org/packages/53/14/7d1f2526b98b9658d7be0bb163fd78d681587de6709d8b0c74b4b481b013/grpcio-1.73.0-cp313-cp313-macosx_11_0_universal2.whl", hash = "sha256:36bf93f6a657f37c131d9dd2c391b867abf1426a86727c3575393e9e11dadb0d", size = 10595587 },
    { url = "https://files.pythonhosted.org/packages/02/24/a293c398ae44e741da1ed4b29638edbb002258797b07a783f65506165b4c/grpcio-1.73.0-cp313-cp313-manylinux_2_17_aarch64.whl", hash = "sha256:d84000367508ade791d90c2bafbd905574b5ced8056397027a77a215d601ba15", size = 5765793 },
    { url = "https://files.pythonhosted.org/packages/e1/24/d84dbd0b5bf36fb44922798d525a85cefa2ffee7b7110e61406e9750ed15/grpcio-1.73.0-cp313-cp313-manylinux_2_17_i686.manylinux2014_i686.whl", hash = "sha256:c98ba1d928a178ce33f3425ff823318040a2b7ef875d30a0073565e5ceb058d9", size = 6415494 },
    { url = "https://files.pythonhosted.org/packages/5e/85/c80dc65aed8e9dce3d54688864bac45331d9c7600985541f18bd5cb301d4/grpcio-1.73.0-cp313-cp313-manylinux_2_17_x86_64.manylinux2014_x86_64.whl", hash = "sha256:a73c72922dfd30b396a5f25bb3a4590195ee45ecde7ee068acb0892d2900cf07", size = 6007279 },
    { url = "https://files.pythonhosted.org/packages/37/fc/207c00a4c6fa303d26e2cbd62fbdb0582facdfd08f55500fd83bf6b0f8db/grpcio-1.73.0-cp313-cp313-musllinux_1_1_aarch64.whl", hash = "sha256:10e8edc035724aba0346a432060fd192b42bd03675d083c01553cab071a28da5", size = 6105505 },
    { url = "https://files.pythonhosted.org/packages/72/35/8fe69af820667b87ebfcb24214e42a1d53da53cb39edd6b4f84f6b36da86/grpcio-1.73.0-cp313-cp313-musllinux_1_1_i686.whl", hash = "sha256:f5cdc332b503c33b1643b12ea933582c7b081957c8bc2ea4cc4bc58054a09288", size = 6753792 },
    { url = "https://files.pythonhosted.org/packages/e2/d8/738c77c1e821e350da4a048849f695ff88a02b291f8c69db23908867aea6/grpcio-1.73.0-cp313-cp313-musllinux_1_1_x86_64.whl", hash = "sha256:07ad7c57233c2109e4ac999cb9c2710c3b8e3f491a73b058b0ce431f31ed8145", size = 6287593 },
    { url = "https://files.pythonhosted.org/packages/09/ec/8498eabc018fa39ae8efe5e47e3f4c1bc9ed6281056713871895dc998807/grpcio-1.73.0-cp313-cp313-win32.whl", hash = "sha256:0eb5df4f41ea10bda99a802b2a292d85be28958ede2a50f2beb8c7fc9a738419", size = 3668637 },
    { url = "https://files.pythonhosted.org/packages/d7/35/347db7d2e7674b621afd21b12022e7f48c7b0861b5577134b4e939536141/grpcio-1.73.0-cp313-cp313-win_amd64.whl", hash = "sha256:38cf518cc54cd0c47c9539cefa8888549fcc067db0b0c66a46535ca8032020c4", size = 4335872 },
    { url = "https://files.pythonhosted.org/packages/f6/93/2a26dca7a00237704af3b186b1027940c4039bca4769ffe408466adeb3d1/grpcio-1.73.0-cp39-cp39-linux_armv7l.whl", hash = "sha256:1284850607901cfe1475852d808e5a102133461ec9380bc3fc9ebc0686ee8e32", size = 5364321 },
    { url = "https://files.pythonhosted.org/packages/c1/29/a1fbb0ff0f429bf5d9e155fc7961bbbd623630e75ea03839ad9d4e0c0a89/grpcio-1.73.0-cp39-cp39-macosx_11_0_universal2.whl", hash = "sha256:0e092a4b28eefb63eec00d09ef33291cd4c3a0875cde29aec4d11d74434d222c", size = 10613796 },
    { url = "https://files.pythonhosted.org/packages/69/bc/9469ed8055a3f851515e6027eb3e6ffb9ce472a27f0f33891f58bb1a6911/grpcio-1.73.0-cp39-cp39-manylinux_2_17_aarch64.whl", hash = "sha256:33577fe7febffe8ebad458744cfee8914e0c10b09f0ff073a6b149a84df8ab8f", size = 5804194 },
    { url = "https://files.pythonhosted.org/packages/93/73/888cf286c92ffd75e9126e4b7e3eb3a44757ee007b6bea5c70f902b33009/grpcio-1.73.0-cp39-cp39-manylinux_2_17_i686.manylinux2014_i686.whl", hash = "sha256:60813d8a16420d01fa0da1fc7ebfaaa49a7e5051b0337cd48f4f950eb249a08e", size = 6445803 },
    { url = "https://files.pythonhosted.org/packages/fa/a0/04db21da4277b2621a623715acb009b50ce7754c03fdcf3dba30f7d0c3de/grpcio-1.73.0-cp39-cp39-manylinux_2_17_x86_64.manylinux2014_x86_64.whl", hash = "sha256:2a9c957dc65e5d474378d7bcc557e9184576605d4b4539e8ead6e351d7ccce20", size = 6041526 },
    { url = "https://files.pythonhosted.org/packages/02/11/1c251e11000e5f81f9a98a6d71baf7a3ade65dafb480d24443f9109c46cd/grpcio-1.73.0-cp39-cp39-musllinux_1_1_aarch64.whl", hash = "sha256:3902b71407d021163ea93c70c8531551f71ae742db15b66826cf8825707d2908", size = 6133415 },
    { url = "https://files.pythonhosted.org/packages/68/27/d350587b15ee91e90f1c9ad3de0d959a50dcc0747b9737bf75775b70d098/grpcio-1.73.0-cp39-cp39-musllinux_1_1_i686.whl", hash = "sha256:1dd7fa7276dcf061e2d5f9316604499eea06b1b23e34a9380572d74fe59915a8", size = 6775283 },
    { url = "https://files.pythonhosted.org/packages/22/0f/60f14920e2a228c1d0a63869df17a74216d0f0edc9bb8127bc5a701b1dcf/grpcio-1.73.0-cp39-cp39-musllinux_1_1_x86_64.whl", hash = "sha256:2d1510c4ea473110cb46a010555f2c1a279d1c256edb276e17fa571ba1e8927c", size = 6305297 },
    { url = "https://files.pythonhosted.org/packages/88/c6/ed26ad1662352b6daf86e7b1c3c6a73df7cb87e87b4837596f624a112242/grpcio-1.73.0-cp39-cp39-win32.whl", hash = "sha256:d0a1517b2005ba1235a1190b98509264bf72e231215dfeef8db9a5a92868789e", size = 3680758 },
    { url = "https://files.pythonhosted.org/packages/19/53/a2fddbceabcbec03f850ca6074a08c0dd4e35ea62982280136cc6c2bc7b9/grpcio-1.73.0-cp39-cp39-win_amd64.whl", hash = "sha256:6228f7eb6d9f785f38b589d49957fca5df3d5b5349e77d2d89b14e390165344c", size = 4342362 },
]

[[package]]
name = "iniconfig"
version = "2.1.0"
source = { registry = "https://pypi.org/simple" }
sdist = { url = "https://files.pythonhosted.org/packages/f2/97/ebf4da567aa6827c909642694d71c9fcf53e5b504f2d96afea02718862f3/iniconfig-2.1.0.tar.gz", hash = "sha256:3abbd2e30b36733fee78f9c7f7308f2d0050e88f0087fd25c2645f63c773e1c7", size = 4793 }
wheels = [
    { url = "https://files.pythonhosted.org/packages/2c/e1/e6716421ea10d38022b952c159d5161ca1193197fb744506875fbb87ea7b/iniconfig-2.1.0-py3-none-any.whl", hash = "sha256:9deba5723312380e77435581c6bf4935c94cbfab9b1ed33ef8d238ea168eb760", size = 6050 },
]

[[package]]
name = "opentelemetry-proto"
version = "1.34.1"
source = { registry = "https://pypi.org/simple" }
dependencies = [
    { name = "protobuf" },
]
sdist = { url = "https://files.pythonhosted.org/packages/66/b3/c3158dd012463bb7c0eb7304a85a6f63baeeb5b4c93a53845cf89f848c7e/opentelemetry_proto-1.34.1.tar.gz", hash = "sha256:16286214e405c211fc774187f3e4bbb1351290b8dfb88e8948af209ce85b719e", size = 34344 }
wheels = [
    { url = "https://files.pythonhosted.org/packages/28/ab/4591bfa54e946350ce8b3f28e5c658fe9785e7cd11e9c11b1671a867822b/opentelemetry_proto-1.34.1-py3-none-any.whl", hash = "sha256:eb4bb5ac27f2562df2d6857fc557b3a481b5e298bc04f94cc68041f00cebcbd2", size = 55692 },
]

[[package]]
name = "otel-log-grpc-handler"
version = "0.1.0"
source = { editable = "." }
dependencies = [
    { name = "grpcio" },
    { name = "opentelemetry-proto" },
]

[package.optional-dependencies]
mapper = [
    { name = "otel-log-proto-mapper" },
]
test = [
    { name = "otel-log-proto-mapper" },
    { name = "pytest" },
]

[package.metadata]
requires-dist = [
    { name = "grpcio", specifier = ">=1.59.0" },
    { name = "opentelemetry-proto", specifier = ">=1.34.1" },
    { name = "otel-log-proto-mapper", marker = "extra == 'mapper'", specifier = ">=0.1.4" },
    { name = "otel-log-proto-mapper", marker = "extra == 'test'", specifier = ">=0.1.4" },
    { name = "pytest", marker = "extra == 'test'", specifier = ">=8.4.0" },
]

[[package]]
name = "otel-log-proto-mapper"
version = "0.1.4"
source = { registry = "https://pypi.org/simple" }
dependencies = [
    { name = "opentelemetry-proto" },
]
sdist = { url = "https://files.pythonhosted.org/packages/d9/76/c971e470a4f2c110b5d8e89e9f443d0979dadc96ade6c9577a9f2501216c/otel_log_proto_mapper-0.1.4.tar.gz", hash = "sha256:11029a31e2ac7a082514128b2626df2ddf33774dbd19a9404b09beb366fe0769", size = 6282 }
wheels = [
    { url = "https://files.pythonhosted.org/packages/f3/b6/bfc1bda393e87c7159013e9ebf4b1c1678a4c88749e9a2760fa59b9b558a/otel_log_proto_mapper-0.1.4-py3-none-any.whl", hash = "sha256:b3bbfc98954b0588e6bc11db1ca435878404fe3107838f1bdb914ce1d876a25b", size = 7205 },
]

[[package]]
name = "packaging"
version = "25.0"
source = { registry = "https://pypi.org/simple" }
sdist = { url = "https://files.pythonhosted.org/packages/a1/d4/1fc4078c65507b51b96ca8f8c3ba19e6a61c8253c72794544580a7b6c24d/packaging-25.0.tar.gz", hash = "sha256:d443872c98d677bf60f6a1f2f8c1cb748e8fe762d2bf9d3148b5599295b0fc4f", size = 165727 }
wheels = [
    { url = "https://files.pythonhosted.org/packages/20/12/38679034af332785aac8774540895e234f4d07f7545804097de4b666afd8/packaging-25.0-py3-none-any.whl", hash = "sha256:29572ef2b1f17581046b3a2227d5c611fb25ec70ca1ba8554b24b0e69331a484", size = 66469 },
]

[[package]]
name = "pluggy"
version = "1.6.0"
source = { registry = "https://pypi.org/simple" }
sdist = { url = "https://files.pythonhosted.org/packages/f9/e2/3e91f31a7d2b083fe6ef3fa267035b518369d9511ffab804f839851d2779/pluggy-1.6.0.tar.gz", hash = "sha256:7dcc130b76258d33b90f61b658791dede3486c3e6bfb003ee5c9bfb396dd22f3", size = 69412 }
wheels = [
    { url = "https://files.pythonhosted.org/packages/54/20/4d324d65cc6d9205fabedc306948156824eb9f0ee1633355a8f7ec5c66bf/pluggy-1.6.0-py3-none-any.whl", hash = "sha256:e920276dd6813095e9377c0bc5566d94c932c33b27a3e3945d8389c374dd4746", size = 20538 },
]

[[package]]
name = "protobuf"
version = "5.29.5"
source = { registry = "https://pypi.org/simple" }
sdist = { url = "https://files.pythonhosted.org/packages/43/29/d09e70352e4e88c9c7a198d5645d7277811448d76c23b00345670f7c8a38/protobuf-5.29.5.tar.gz", hash = "sha256:bc1463bafd4b0929216c35f437a8e28731a2b7fe3d98bb77a600efced5a15c84", size = 425226 }
wheels = [
    { url = "https://files.pythonhosted.org/packages/5f/11/6e40e9fc5bba02988a214c07cf324595789ca7820160bfd1f8be96e48539/protobuf-5.29.5-cp310-abi3-win32.whl", hash = "sha256:3f1c6468a2cfd102ff4703976138844f78ebd1fb45f49011afc5139e9e283079", size = 422963 },
    { url = "https://files.pythonhosted.org/packages/81/7f/73cefb093e1a2a7c3ffd839e6f9fcafb7a427d300c7f8aef9c64405d8ac6/protobuf-5.29.5-cp310-abi3-win_amd64.whl", hash = "sha256:3f76e3a3675b4a4d867b52e4a5f5b78a2ef9565549d4037e06cf7b0942b1d3fc", size = 434818 },
    { url = "https://files.pythonhosted.org/packages/dd/73/10e1661c21f139f2c6ad9b23040ff36fee624310dc28fba20d33fdae124c/protobuf-5.29.5-cp38-abi3-macosx_10_9_universal2.whl", hash = "sha256:e38c5add5a311f2a6eb0340716ef9b039c1dfa428b28f25a7838ac329204a671", size = 418091 },
    { url = "https://files.pythonhosted.org/packages/6c/04/98f6f8cf5b07ab1294c13f34b4e69b3722bb609c5b701d6c169828f9f8aa/protobuf-5.29.5-cp38-abi3-manylinux2014_aarch64.whl", hash = "sha256:fa18533a299d7ab6c55a238bf8629311439995f2e7eca5caaff08663606e9015", size = 319824 },
    { url = "https://files.pythonhosted.org/packages/85/e4/07c80521879c2d15f321465ac24c70efe2381378c00bf5e56a0f4fbac8cd/protobuf-5.29.5-cp38-abi3-manylinux2014_x86_64.whl", hash = "sha256:63848923da3325e1bf7e9003d680ce6e14b07e55d0473253a690c3a8b8fd6e61", size = 319942 },
    { url = "https://files.pythonhosted.org/packages/e5/59/ca89678bb0352f094fc92f2b358daa40e3acc91a93aa8f922b24762bf841/protobuf-5.29.5-cp39-cp39-win32.whl", hash = "sha256:6f642dc9a61782fa72b90878af134c5afe1917c89a568cd3476d758d3c3a0736", size = 423025 },
    { url = "https://files.pythonhosted.org/packages/96/8b/2c62731fe3e92ddbbeca0174f78f0f8739197cdeb7c75ceb5aad3706963b/protobuf-5.29.5-cp39-cp39-win_amd64.whl", hash = "sha256:470f3af547ef17847a28e1f47200a1cbf0ba3ff57b7de50d22776607cd2ea353", size = 434906 },
    { url = "https://files.pythonhosted.org/packages/7e/cc/7e77861000a0691aeea8f4566e5d3aa716f2b1dece4a24439437e41d3d25/protobuf-5.29.5-py3-none-any.whl", hash = "sha256:6cf42630262c59b2d8de33954443d94b746c952b01434fc58a417fdbd2e84bd5", size = 172823 },
]

[[package]]
name = "pygments"
version = "2.19.1"
source = { registry = "https://pypi.org/simple" }
sdist = { url = "https://files.pythonhosted.org/packages/7c/2d/c3338d48ea6cc0feb8446d8e6937e1408088a72a39937982cc6111d17f84/pygments-2.19.1.tar.gz", hash = "sha256:61c16d2a8576dc0649d9f39e089b5f02bcd27fba10d8fb4dcc28173f7a45151f", size = 4968581 }
wheels = [
    { url = "https://files.pythonhosted.org/packages/8a/0b/9fcc47d19c48b59121088dd6da2488a49d5f72dacf8262e2790a1d2c7d15/pygments-2.19.1-py3-none-any.whl", hash = "sha256:9ea1544ad55cecf4b8242fab6dd35a93bbce657034b0611ee383099054ab6d8c", size = 1225293 },
]

[[package]]
name = "pytest"
version = "8.4.0"
source = { registry = "https://pypi.org/simple" }
dependencies = [
    { name = "colorama", marker = "sys_platform == 'win32'" },
    { name = "exceptiongroup", marker = "python_full_version < '3.11'" },
    { name = "iniconfig" },
    { name = "packaging" },
    { name = "pluggy" },
    { name = "pygments" },
    { name = "tomli", marker = "python_full_version < '3.11'" },
]
sdist = { url = "https://files.pythonhosted.org/packages/fb/aa/405082ce2749be5398045152251ac69c0f3578c7077efc53431303af97ce/pytest-8.4.0.tar.gz", hash = "sha256:14d920b48472ea0dbf68e45b96cd1ffda4705f33307dcc86c676c1b5104838a6", size = 1515232 }
wheels = [
    { url = "https://files.pythonhosted.org/packages/2f/de/afa024cbe022b1b318a3d224125aa24939e99b4ff6f22e0ba639a2eaee47/pytest-8.4.0-py3-none-any.whl", hash = "sha256:f40f825768ad76c0977cbacdf1fd37c6f7a468e460ea6a0636078f8972d4517e", size = 363797 },
]

[[package]]
name = "tomli"
version = "2.2.1"
source = { registry = "https://pypi.org/simple" }
sdist = { url = "https://files.pythonhosted.org/packages/18/87/302344fed471e44a87289cf4967697d07e532f2421fdaf868a303cbae4ff/tomli-2.2.1.tar.gz", hash = "sha256:cd45e1dc79c835ce60f7404ec8119f2eb06d38b1deba146f07ced3bbc44505ff", size = 17175 }
wheels = [
    { url = "https://files.pythonhosted.org/packages/43/ca/75707e6efa2b37c77dadb324ae7d9571cb424e61ea73fad7c56c2d14527f/tomli-2.2.1-cp311-cp311-macosx_10_9_x86_64.whl", hash = "sha256:678e4fa69e4575eb77d103de3df8a895e1591b48e740211bd1067378c69e8249", size = 131077 },
    { url = "https://files.pythonhosted.org/packages/c7/16/51ae563a8615d472fdbffc43a3f3d46588c264ac4f024f63f01283becfbb/tomli-2.2.1-cp311-cp311-macosx_11_0_arm64.whl", hash = "sha256:023aa114dd824ade0100497eb2318602af309e5a55595f76b626d6d9f3b7b0a6", size = 123429 },
    { url = "https://files.pythonhosted.org/packages/f1/dd/4f6cd1e7b160041db83c694abc78e100473c15d54620083dbd5aae7b990e/tomli-2.2.1-cp311-cp311-manylinux_2_17_aarch64.manylinux2014_aarch64.whl", hash = "sha256:ece47d672db52ac607a3d9599a9d48dcb2f2f735c6c2d1f34130085bb12b112a", size = 226067 },
    { url = "https://files.pythonhosted.org/packages/a9/6b/c54ede5dc70d648cc6361eaf429304b02f2871a345bbdd51e993d6cdf550/tomli-2.2.1-cp311-cp311-manylinux_2_17_x86_64.manylinux2014_x86_64.whl", hash = "sha256:6972ca9c9cc9f0acaa56a8ca1ff51e7af152a9f87fb64623e31d5c83700080ee", size = 236030 },
    { url = "https://files.pythonhosted.org/packages/1f/47/999514fa49cfaf7a92c805a86c3c43f4215621855d151b61c602abb38091/tomli-2.2.1-cp311-cp311-manylinux_2_5_i686.manylinux1_i686.manylinux_2_17_i686.manylinux2014_i686.whl", hash = "sha256:c954d2250168d28797dd4e3ac5cf812a406cd5a92674ee4c8f123c889786aa8e", size = 240898 },
    { url = "https://files.pythonhosted.org/packages/73/41/0a01279a7ae09ee1573b423318e7934674ce06eb33f50936655071d81a24/tomli-2.2.1-cp311-cp311-musllinux_1_2_aarch64.whl", hash = "sha256:8dd28b3e155b80f4d54beb40a441d366adcfe740969820caf156c019fb5c7ec4", size = 229894 },
    { url = "https://files.pythonhosted.org/packages/55/18/5d8bc5b0a0362311ce4d18830a5d28943667599a60d20118074ea1b01bb7/tomli-2.2.1-cp311-cp311-musllinux_1_2_i686.whl", hash = "sha256:e59e304978767a54663af13c07b3d1af22ddee3bb2fb0618ca1593e4f593a106", size = 245319 },
    { url = "https://files.pythonhosted.org/packages/92/a3/7ade0576d17f3cdf5ff44d61390d4b3febb8a9fc2b480c75c47ea048c646/tomli-2.2.1-cp311-cp311-musllinux_1_2_x86_64.whl", hash = "sha256:33580bccab0338d00994d7f16f4c4ec25b776af3ffaac1ed74e0b3fc95e885a8", size = 238273 },
    { url = "https://files.pythonhosted.org/packages/72/6f/fa64ef058ac1446a1e51110c375339b3ec6be245af9d14c87c4a6412dd32/tomli-2.2.1-cp311-cp311-win32.whl", hash = "sha256:465af0e0875402f1d226519c9904f37254b3045fc5084697cefb9bdde1ff99ff", size = 98310 },
    { url = "https://files.pythonhosted.org/packages/6a/1c/4a2dcde4a51b81be3530565e92eda625d94dafb46dbeb15069df4caffc34/tomli-2.2.1-cp311-cp311-win_amd64.whl", hash = "sha256:2d0f2fdd22b02c6d81637a3c95f8cd77f995846af7414c5c4b8d0545afa1bc4b", size = 108309 },
    { url = "https://files.pythonhosted.org/packages/52/e1/f8af4c2fcde17500422858155aeb0d7e93477a0d59a98e56cbfe75070fd0/tomli-2.2.1-cp312-cp312-macosx_10_13_x86_64.whl", hash = "sha256:4a8f6e44de52d5e6c657c9fe83b562f5f4256d8ebbfe4ff922c495620a7f6cea", size = 132762 },
    { url = "https://files.pythonhosted.org/packages/03/b8/152c68bb84fc00396b83e7bbddd5ec0bd3dd409db4195e2a9b3e398ad2e3/tomli-2.2.1-cp312-cp312-macosx_11_0_arm64.whl", hash = "sha256:8d57ca8095a641b8237d5b079147646153d22552f1c637fd3ba7f4b0b29167a8", size = 123453 },
    { url = "https://files.pythonhosted.org/packages/c8/d6/fc9267af9166f79ac528ff7e8c55c8181ded34eb4b0e93daa767b8841573/tomli-2.2.1-cp312-cp312-manylinux_2_17_aarch64.manylinux2014_aarch64.whl", hash = "sha256:4e340144ad7ae1533cb897d406382b4b6fede8890a03738ff1683af800d54192", size = 233486 },
    { url = "https://files.pythonhosted.org/packages/5c/51/51c3f2884d7bab89af25f678447ea7d297b53b5a3b5730a7cb2ef6069f07/tomli-2.2.1-cp312-cp312-manylinux_2_17_x86_64.manylinux2014_x86_64.whl", hash = "sha256:db2b95f9de79181805df90bedc5a5ab4c165e6ec3fe99f970d0e302f384ad222", size = 242349 },
    { url = "https://files.pythonhosted.org/packages/ab/df/bfa89627d13a5cc22402e441e8a931ef2108403db390ff3345c05253935e/tomli-2.2.1-cp312-cp312-manylinux_2_5_i686.manylinux1_i686.manylinux_2_17_i686.manylinux2014_i686.whl", hash = "sha256:40741994320b232529c802f8bc86da4e1aa9f413db394617b9a256ae0f9a7f77", size = 252159 },
    { url = "https://files.pythonhosted.org/packages/9e/6e/fa2b916dced65763a5168c6ccb91066f7639bdc88b48adda990db10c8c0b/tomli-2.2.1-cp312-cp312-musllinux_1_2_aarch64.whl", hash = "sha256:400e720fe168c0f8521520190686ef8ef033fb19fc493da09779e592861b78c6", size = 237243 },
    { url = "https://files.pythonhosted.org/packages/b4/04/885d3b1f650e1153cbb93a6a9782c58a972b94ea4483ae4ac5cedd5e4a09/tomli-2.2.1-cp312-cp312-musllinux_1_2_i686.whl", hash = "sha256:02abe224de6ae62c19f090f68da4e27b10af2b93213d36cf44e6e1c5abd19fdd", size = 259645 },
    { url = "https://files.pythonhosted.org/packages/9c/de/6b432d66e986e501586da298e28ebeefd3edc2c780f3ad73d22566034239/tomli-2.2.1-cp312-cp312-musllinux_1_2_x86_64.whl", hash = "sha256:b82ebccc8c8a36f2094e969560a1b836758481f3dc360ce9a3277c65f374285e", size = 244584 },
    { url = "https://files.pythonhosted.org/packages/1c/9a/47c0449b98e6e7d1be6cbac02f93dd79003234ddc4aaab6ba07a9a7482e2/tomli-2.2.1-cp312-cp312-win32.whl", hash = "sha256:889f80ef92701b9dbb224e49ec87c645ce5df3fa2cc548664eb8a25e03127a98", size = 98875 },
    { url = "https://files.pythonhosted.org/packages/ef/60/9b9638f081c6f1261e2688bd487625cd1e660d0a85bd469e91d8db969734/tomli-2.2.1-cp312-cp312-win_amd64.whl", hash = "sha256:7fc04e92e1d624a4a63c76474610238576942d6b8950a2d7f908a340494e67e4", size = 109418 },
    { url = "https://files.pythonhosted.org/packages/04/90/2ee5f2e0362cb8a0b6499dc44f4d7d48f8fff06d28ba46e6f1eaa61a1388/tomli-2.2.1-cp313-cp313-macosx_10_13_x86_64.whl", hash = "sha256:f4039b9cbc3048b2416cc57ab3bda989a6fcf9b36cf8937f01a6e731b64f80d7", size = 132708 },
    { url = "https://files.pythonhosted.org/packages/c0/ec/46b4108816de6b385141f082ba99e315501ccd0a2ea23db4a100dd3990ea/tomli-2.2.1-cp313-cp313-macosx_11_0_arm64.whl", hash = "sha256:286f0ca2ffeeb5b9bd4fcc8d6c330534323ec51b2f52da063b11c502da16f30c", size = 123582 },
    { url = "https://files.pythonhosted.org/packages/a0/bd/b470466d0137b37b68d24556c38a0cc819e8febe392d5b199dcd7f578365/tomli-2.2.1-cp313-cp313-manylinux_2_17_aarch64.manylinux2014_aarch64.whl", hash = "sha256:a92ef1a44547e894e2a17d24e7557a5e85a9e1d0048b0b5e7541f76c5032cb13", size = 232543 },
    { url = "https://files.pythonhosted.org/packages/d9/e5/82e80ff3b751373f7cead2815bcbe2d51c895b3c990686741a8e56ec42ab/tomli-2.2.1-cp313-cp313-manylinux_2_17_x86_64.manylinux2014_x86_64.whl", hash = "sha256:9316dc65bed1684c9a98ee68759ceaed29d229e985297003e494aa825ebb0281", size = 241691 },
    { url = "https://files.pythonhosted.org/packages/05/7e/2a110bc2713557d6a1bfb06af23dd01e7dde52b6ee7dadc589868f9abfac/tomli-2.2.1-cp313-cp313-manylinux_2_5_i686.manylinux1_i686.manylinux_2_17_i686.manylinux2014_i686.whl", hash = "sha256:e85e99945e688e32d5a35c1ff38ed0b3f41f43fad8df0bdf79f72b2ba7bc5272", size = 251170 },
    { url = "https://files.pythonhosted.org/packages/64/7b/22d713946efe00e0adbcdfd6d1aa119ae03fd0b60ebed51ebb3fa9f5a2e5/tomli-2.2.1-cp313-cp313-musllinux_1_2_aarch64.whl", hash = "sha256:ac065718db92ca818f8d6141b5f66369833d4a80a9d74435a268c52bdfa73140", size = 236530 },
    { url = "https://files.pythonhosted.org/packages/38/31/3a76f67da4b0cf37b742ca76beaf819dca0ebef26d78fc794a576e08accf/tomli-2.2.1-cp313-cp313-musllinux_1_2_i686.whl", hash = "sha256:d920f33822747519673ee656a4b6ac33e382eca9d331c87770faa3eef562aeb2", size = 258666 },
    { url = "https://files.pythonhosted.org/packages/07/10/5af1293da642aded87e8a988753945d0cf7e00a9452d3911dd3bb354c9e2/tomli-2.2.1-cp313-cp313-musllinux_1_2_x86_64.whl", hash = "sha256:a198f10c4d1b1375d7687bc25294306e551bf1abfa4eace6650070a5c1ae2744", size = 243954 },
    { url = "https://files.pythonhosted.org/packages/5b/b9/1ed31d167be802da0fc95020d04cd27b7d7065cc6fbefdd2f9186f60d7bd/tomli-2.2.1-cp313-cp313-win32.whl", hash = "sha256:d3f5614314d758649ab2ab3a62d4f2004c825922f9e370b29416484086b264ec", size = 98724 },
    { url = "https://files.pythonhosted.org/packages/c7/32/b0963458706accd9afcfeb867c0f9175a741bf7b19cd424230714d722198/tomli-2.2.1-cp313-cp313-win_amd64.whl", hash = "sha256:a38aa0308e754b0e3c67e344754dff64999ff9b513e691d0e786265c93583c69", size = 109383 },
    { url = "https://files.pythonhosted.org/packages/6e/c2/61d3e0f47e2b74ef40a68b9e6ad5984f6241a942f7cd3bbfbdbd03861ea9/tomli-2.2.1-py3-none-any.whl", hash = "sha256:cb55c73c5f4408779d0cf3eef9f762b9c9f147a77de7b258bef0a5628adc85cc", size = 14257 },
]

[[package]]
name = "typing-extensions"
version = "4.14.0"
source = { registry = "https://pypi.org/simple" }
sdist = { url = "https://files.pythonhosted.org/packages/d1/bc/51647cd02527e87d05cb083ccc402f93e441606ff1f01739a62c8ad09ba5/typing_extensions-4.14.0.tar.gz", hash = "sha256:8676b788e32f02ab42d9e7c61324048ae4c6d844a399eebace3d4979d75ceef4", size = 107423 }
wheels = [
    { url = "https://files.pythonhosted.org/packages/69/e0/552843e0d356fbb5256d21449fa957fa4eff3bbc135a74a691ee70c7c5da/typing_extensions-4.14.0-py3-none-any.whl", hash = "sha256:a1514509136dd0b477638fc68d6a91497af5076466ad0fa6c338e44e359944af", size = 43839 },
]
